Microsoft Visual Studio Solution File, Format Version 12.00
# Visual Studio Version 17
VisualStudioVersion = 17.0.31903.59
MinimumVisualStudioVersion = 10.0.40219.1
Project("{2150E333-8FDC-42A3-9474-1A3956D46DE8}") = "Solution Items", "Solution Items", "{A1B2C3D4-E5F6-7890-ABCD-EF1234567890}"
	ProjectSection(SolutionItems) = preProject
		docker-compose.yml = docker-compose.yml
		README.md = README.md
		docker\postgres-init\01-create-databases.sql = docker\postgres-init\01-create-databases.sql
	EndProjectSection
EndProject
Project("{2150E333-8FDC-42A3-9474-1A3956D46DE8}") = "Shared", "Shared", "{4F52FD11-658E-A102-6CD3-7D7C16FFA15B}"
EndProject
Project("{FAE04EC0-301F-11D3-BF4B-00C04F79EFBC}") = "Korp.Shared", "src\Korp.Shared\Korp.Shared.csproj", "{3CB0FD5E-21FA-455B-9F61-B270C08F9719}"
EndProject
Project("{2150E333-8FDC-42A3-9474-1A3956D46DE8}") = "Estoque", "Estoque", "{50550AE8-2284-912A-C6A6-40AEDFAB45B2}"
EndProject
Project("{FAE04EC0-301F-11D3-BF4B-00C04F79EFBC}") = "Estoque.Api", "src\Estoque\Estoque.Api\Estoque.Api.csproj", "{897F0CCD-C894-40F3-A2FA-1E764BB46DF4}"
EndProject
Project("{FAE04EC0-301F-11D3-BF4B-00C04F79EFBC}") = "Estoque.Infrastructure", "src\Estoque\Estoque.Infrastructure\Estoque.Infrastructure.csproj", "{BA3B4F17-0B1D-46C9-8AE2-659C9426E056}"
EndProject
Project("{FAE04EC0-301F-11D3-BF4B-00C04F79EFBC}") = "Estoque.Application", "src\Estoque\Estoque.Application\Estoque.Application.csproj", "{FCB6DE60-3B84-4B21-A7FB-4B468D1A9DD3}"
EndProject
Project("{FAE04EC0-301F-11D3-BF4B-00C04F79EFBC}") = "Estoque.Domain", "src\Estoque\Estoque.Domain\Estoque.Domain.csproj", "{E4BAA445-388C-44B6-96D9-97E4A52EBEC7}"
EndProject
Project("{2150E333-8FDC-42A3-9474-1A3956D46DE8}") = "Faturamento", "Faturamento", "{694F8C3E-07FF-DEC9-06DA-07BB09F74BF4}"
EndProject
Project("{FAE04EC0-301F-11D3-BF4B-00C04F79EFBC}") = "Faturamento.Api", "src\Faturamento\Faturamento.Api\Faturamento.Api.csproj", "{D54C2A7E-E21F-4323-9216-915617B57FBE}"
EndProject
Project("{FAE04EC0-301F-11D3-BF4B-00C04F79EFBC}") = "Faturamento.Infrastructure", "src\Faturamento\Faturamento.Infrastructure\Faturamento.Infrastructure.csproj", "{7545466A-3F43-4D70-A610-FFBF7AD3EEFE}"
EndProject
Project("{FAE04EC0-301F-11D3-BF4B-00C04F79EFBC}") = "Faturamento.Application", "src\Faturamento\Faturamento.Application\Faturamento.Application.csproj", "{B4741234-0C7A-4FE9-96D4-455199036E8E}"
EndProject
Project("{FAE04EC0-301F-11D3-BF4B-00C04F79EFBC}") = "Faturamento.Domain", "src\Faturamento\Faturamento.Domain\Faturamento.Domain.csproj", "{6FDB2F77-08F5-479B-A7A0-A0379262D1F8}"
EndProject
Project("{2150E333-8FDC-42A3-9474-1A3956D46DE8}") = "Tests", "Tests", "{0AB3BF05-4346-4AA6-1389-037BE0695223}"
EndProject
Project("{FAE04EC0-301F-11D3-BF4B-00C04F79EFBC}") = "Korp.Tests", "Korp.Tests\Korp.Tests.csproj", "{246E1318-6B8E-4F56-A4EA-632D5C6EA938}"
EndProject
Global
	GlobalSection(SolutionConfigurationPlatforms) = preSolution
		Debug|Any CPU = Debug|Any CPU
		Debug|x64 = Debug|x64
		Debug|x86 = Debug|x86
		Release|Any CPU = Release|Any CPU
		Release|x64 = Release|x64
		Release|x86 = Release|x86
	EndGlobalSection
	GlobalSection(ProjectConfigurationPlatforms) = postSolution
		{3CB0FD5E-21FA-455B-9F61-B270C08F9719}.Debug|Any CPU.ActiveCfg = Debug|Any CPU
		{3CB0FD5E-21FA-455B-9F61-B270C08F9719}.Debug|Any CPU.Build.0 = Debug|Any CPU
		{3CB0FD5E-21FA-455B-9F61-B270C08F9719}.Debug|x64.ActiveCfg = Debug|Any CPU
		{3CB0FD5E-21FA-455B-9F61-B270C08F9719}.Debug|x64.Build.0 = Debug|Any CPU
		{3CB0FD5E-21FA-455B-9F61-B270C08F9719}.Debug|x86.ActiveCfg = Debug|Any CPU
		{3CB0FD5E-21FA-455B-9F61-B270C08F9719}.Debug|x86.Build.0 = Debug|Any CPU
		{3CB0FD5E-21FA-455B-9F61-B270C08F9719}.Release|Any CPU.ActiveCfg = Release|Any CPU
		{3CB0FD5E-21FA-455B-9F61-B270C08F9719}.Release|Any CPU.Build.0 = Release|Any CPU
		{3CB0FD5E-21FA-455B-9F61-B270C08F9719}.Release|x64.ActiveCfg = Release|Any CPU
		{3CB0FD5E-21FA-455B-9F61-B270C08F9719}.Release|x64.Build.0 = Release|Any CPU
		{3CB0FD5E-21FA-455B-9F61-B270C08F9719}.Release|x86.ActiveCfg = Release|Any CPU
		{3CB0FD5E-21FA-455B-9F61-B270C08F9719}.Release|x86.Build.0 = Release|Any CPU
		{897F0CCD-C894-40F3-A2FA-1E764BB46DF4}.Debug|Any CPU.ActiveCfg = Debug|Any CPU
		{897F0CCD-C894-40F3-A2FA-1E764BB46DF4}.Debug|Any CPU.Build.0 = Debug|Any CPU
		{897F0CCD-C894-40F3-A2FA-1E764BB46DF4}.Debug|x64.ActiveCfg = Debug|Any CPU
		{897F0CCD-C894-40F3-A2FA-1E764BB46DF4}.Debug|x64.Build.0 = Debug|Any CPU
		{897F0CCD-C894-40F3-A2FA-1E764BB46DF4}.Debug|x86.ActiveCfg = Debug|Any CPU
		{897F0CCD-C894-40F3-A2FA-1E764BB46DF4}.Debug|x86.Build.0 = Debug|Any CPU
		{897F0CCD-C894-40F3-A2FA-1E764BB46DF4}.Release|Any CPU.ActiveCfg = Release|Any CPU
		{897F0CCD-C894-40F3-A2FA-1E764BB46DF4}.Release|Any CPU.Build.0 = Release|Any CPU
		{897F0CCD-C894-40F3-A2FA-1E764BB46DF4}.Release|x64.ActiveCfg = Release|Any CPU
		{897F0CCD-C894-40F3-A2FA-1E764BB46DF4}.Release|x64.Build.0 = Release|Any CPU
		{897F0CCD-C894-40F3-A2FA-1E764BB46DF4}.Release|x86.ActiveCfg = Release|Any CPU
		{897F0CCD-C894-40F3-A2FA-1E764BB46DF4}.Release|x86.Build.0 = Release|Any CPU
		{BA3B4F17-0B1D-46C9-8AE2-659C9426E056}.Debug|Any CPU.ActiveCfg = Debug|Any CPU
		{BA3B4F17-0B1D-46C9-8AE2-659C9426E056}.Debug|Any CPU.Build.0 = Debug|Any CPU
		{BA3B4F17-0B1D-46C9-8AE2-659C9426E056}.Debug|x64.ActiveCfg = Debug|Any CPU
		{BA3B4F17-0B1D-46C9-8AE2-659C9426E056}.Debug|x64.Build.0 = Debug|Any CPU
		{BA3B4F17-0B1D-46C9-8AE2-659C9426E056}.Debug|x86.ActiveCfg = Debug|Any CPU
		{BA3B4F17-0B1D-46C9-8AE2-659C9426E056}.Debug|x86.Build.0 = Debug|Any CPU
		{BA3B4F17-0B1D-46C9-8AE2-659C9426E056}.Release|Any CPU.ActiveCfg = Release|Any CPU
		{BA3B4F17-0B1D-46C9-8AE2-659C9426E056}.Release|Any CPU.Build.0 = Release|Any CPU
		{BA3B4F17-0B1D-46C9-8AE2-659C9426E056}.Release|x64.ActiveCfg = Release|Any CPU
		{BA3B4F17-0B1D-46C9-8AE2-659C9426E056}.Release|x64.Build.0 = Release|Any CPU
		{BA3B4F17-0B1D-46C9-8AE2-659C9426E056}.Release|x86.ActiveCfg = Release|Any CPU
		{BA3B4F17-0B1D-46C9-8AE2-659C9426E056}.Release|x86.Build.0 = Release|Any CPU
		{FCB6DE60-3B84-4B21-A7FB-4B468D1A9DD3}.Debug|Any CPU.ActiveCfg = Debug|Any CPU
		{FCB6DE60-3B84-4B21-A7FB-4B468D1A9DD3}.Debug|Any CPU.Build.0 = Debug|Any CPU
		{FCB6DE60-3B84-4B21-A7FB-4B468D1A9DD3}.Debug|x64.ActiveCfg = Debug|Any CPU
		{FCB6DE60-3B84-4B21-A7FB-4B468D1A9DD3}.Debug|x64.Build.0 = Debug|Any CPU
		{FCB6DE60-3B84-4B21-A7FB-4B468D1A9DD3}.Debug|x86.ActiveCfg = Debug|Any CPU
		{FCB6DE60-3B84-4B21-A7FB-4B468D1A9DD3}.Debug|x86.Build.0 = Debug|Any CPU
		{FCB6DE60-3B84-4B21-A7FB-4B468D1A9DD3}.Release|Any CPU.ActiveCfg = Release|Any CPU
		{FCB6DE60-3B84-4B21-A7FB-4B468D1A9DD3}.Release|Any CPU.Build.0 = Release|Any CPU
		{FCB6DE60-3B84-4B21-A7FB-4B468D1A9DD3}.Release|x64.ActiveCfg = Release|Any CPU
		{FCB6DE60-3B84-4B21-A7FB-4B468D1A9DD3}.Release|x64.Build.0 = Release|Any CPU
		{FCB6DE60-3B84-4B21-A7FB-4B468D1A9DD3}.Release|x86.ActiveCfg = Release|Any CPU
		{FCB6DE60-3B84-4B21-A7FB-4B468D1A9DD3}.Release|x86.Build.0 = Release|Any CPU
		{E4BAA445-388C-44B6-96D9-97E4A52EBEC7}.Debug|Any CPU.ActiveCfg = Debug|Any CPU
		{E4BAA445-388C-44B6-96D9-97E4A52EBEC7}.Debug|Any CPU.Build.0 = Debug|Any CPU
		{E4BAA445-388C-44B6-96D9-97E4A52EBEC7}.Debug|x64.ActiveCfg = Debug|Any CPU
		{E4BAA445-388C-44B6-96D9-97E4A52EBEC7}.Debug|x64.Build.0 = Debug|Any CPU
		{E4BAA445-388C-44B6-96D9-97E4A52EBEC7}.Debug|x86.ActiveCfg = Debug|Any CPU
		{E4BAA445-388C-44B6-96D9-97E4A52EBEC7}.Debug|x86.Build.0 = Debug|Any CPU
		{E4BAA445-388C-44B6-96D9-97E4A52EBEC7}.Release|Any CPU.ActiveCfg = Release|Any CPU
		{E4BAA445-388C-44B6-96D9-97E4A52EBEC7}.Release|Any CPU.Build.0 = Release|Any CPU
		{E4BAA445-388C-44B6-96D9-97E4A52EBEC7}.Release|x64.ActiveCfg = Release|Any CPU
		{E4BAA445-388C-44B6-96D9-97E4A52EBEC7}.Release|x64.Build.0 = Release|Any CPU
		{E4BAA445-388C-44B6-96D9-97E4A52EBEC7}.Release|x86.ActiveCfg = Release|Any CPU
		{E4BAA445-388C-44B6-96D9-97E4A52EBEC7}.Release|x86.Build.0 = Release|Any CPU
		{D54C2A7E-E21F-4323-9216-915617B57FBE}.Debug|Any CPU.ActiveCfg = Debug|Any CPU
		{D54C2A7E-E21F-4323-9216-915617B57FBE}.Debug|Any CPU.Build.0 = Debug|Any CPU
		{D54C2A7E-E21F-4323-9216-915617B57FBE}.Debug|x64.ActiveCfg = Debug|Any CPU
		{D54C2A7E-E21F-4323-9216-915617B57FBE}.Debug|x64.Build.0 = Debug|Any CPU
		{D54C2A7E-E21F-4323-9216-915617B57FBE}.Debug|x86.ActiveCfg = Debug|Any CPU
		{D54C2A7E-E21F-4323-9216-915617B57FBE}.Debug|x86.Build.0 = Debug|Any CPU
		{D54C2A7E-E21F-4323-9216-915617B57FBE}.Release|Any CPU.ActiveCfg = Release|Any CPU
		{D54C2A7E-E21F-4323-9216-915617B57FBE}.Release|Any CPU.Build.0 = Release|Any CPU
		{D54C2A7E-E21F-4323-9216-915617B57FBE}.Release|x64.ActiveCfg = Release|Any CPU
		{D54C2A7E-E21F-4323-9216-915617B57FBE}.Release|x64.Build.0 = Release|Any CPU
		{D54C2A7E-E21F-4323-9216-915617B57FBE}.Release|x86.ActiveCfg = Release|Any CPU
		{D54C2A7E-E21F-4323-9216-915617B57FBE}.Release|x86.Build.0 = Release|Any CPU
		{7545466A-3F43-4D70-A610-FFBF7AD3EEFE}.Debug|Any CPU.ActiveCfg = Debug|Any CPU
		{7545466A-3F43-4D70-A610-FFBF7AD3EEFE}.Debug|Any CPU.Build.0 = Debug|Any CPU
		{7545466A-3F43-4D70-A610-FFBF7AD3EEFE}.Debug|x64.ActiveCfg = Debug|Any CPU
		{7545466A-3F43-4D70-A610-FFBF7AD3EEFE}.Debug|x64.Build.0 = Debug|Any CPU
		{7545466A-3F43-4D70-A610-FFBF7AD3EEFE}.Debug|x86.ActiveCfg = Debug|Any CPU
		{7545466A-3F43-4D70-A610-FFBF7AD3EEFE}.Debug|x86.Build.0 = Debug|Any CPU
		{7545466A-3F43-4D70-A610-FFBF7AD3EEFE}.Release|Any CPU.ActiveCfg = Release|Any CPU
		{7545466A-3F43-4D70-A610-FFBF7AD3EEFE}.Release|Any CPU.Build.0 = Release|Any CPU
		{7545466A-3F43-4D70-A610-FFBF7AD3EEFE}.Release|x64.ActiveCfg = Release|Any CPU
		{7545466A-3F43-4D70-A610-FFBF7AD3EEFE}.Release|x64.Build.0 = Release|Any CPU
		{7545466A-3F43-4D70-A610-FFBF7AD3EEFE}.Release|x86.ActiveCfg = Release|Any CPU
		{7545466A-3F43-4D70-A610-FFBF7AD3EEFE}.Release|x86.Build.0 = Release|Any CPU
		{B4741234-0C7A-4FE9-96D4-455199036E8E}.Debug|Any CPU.ActiveCfg = Debug|Any CPU
		{B4741234-0C7A-4FE9-96D4-455199036E8E}.Debug|Any CPU.Build.0 = Debug|Any CPU
		{B4741234-0C7A-4FE9-96D4-455199036E8E}.Debug|x64.ActiveCfg = Debug|Any CPU
		{B4741234-0C7A-4FE9-96D4-455199036E8E}.Debug|x64.Build.0 = Debug|Any CPU
		{B4741234-0C7A-4FE9-96D4-455199036E8E}.Debug|x86.ActiveCfg = Debug|Any CPU
		{B4741234-0C7A-4FE9-96D4-455199036E8E}.Debug|x86.Build.0 = Debug|Any CPU
		{B4741234-0C7A-4FE9-96D4-455199036E8E}.Release|Any CPU.ActiveCfg = Release|Any CPU
		{B4741234-0C7A-4FE9-96D4-455199036E8E}.Release|Any CPU.Build.0 = Release|Any CPU
		{B4741234-0C7A-4FE9-96D4-455199036E8E}.Release|x64.ActiveCfg = Release|Any CPU
		{B4741234-0C7A-4FE9-96D4-455199036E8E}.Release|x64.Build.0 = Release|Any CPU
		{B4741234-0C7A-4FE9-96D4-455199036E8E}.Release|x86.ActiveCfg = Release|Any CPU
		{B4741234-0C7A-4FE9-96D4-455199036E8E}.Release|x86.Build.0 = Release|Any CPU
		{6FDB2F77-08F5-479B-A7A0-A0379262D1F8}.Debug|Any CPU.ActiveCfg = Debug|Any CPU
		{6FDB2F77-08F5-479B-A7A0-A0379262D1F8}.Debug|Any CPU.Build.0 = Debug|Any CPU
		{6FDB2F77-08F5-479B-A7A0-A0379262D1F8}.Debug|x64.ActiveCfg = Debug|Any CPU
		{6FDB2F77-08F5-479B-A7A0-A0379262D1F8}.Debug|x64.Build.0 = Debug|Any CPU
		{6FDB2F77-08F5-479B-A7A0-A0379262D1F8}.Debug|x86.ActiveCfg = Debug|Any CPU
		{6FDB2F77-08F5-479B-A7A0-A0379262D1F8}.Debug|x86.Build.0 = Debug|Any CPU
		{6FDB2F77-08F5-479B-A7A0-A0379262D1F8}.Release|Any CPU.ActiveCfg = Release|Any CPU
		{6FDB2F77-08F5-479B-A7A0-A0379262D1F8}.Release|Any CPU.Build.0 = Release|Any CPU
		{6FDB2F77-08F5-479B-A7A0-A0379262D1F8}.Release|x64.ActiveCfg = Release|Any CPU
		{6FDB2F77-08F5-479B-A7A0-A0379262D1F8}.Release|x64.Build.0 = Release|Any CPU
		{6FDB2F77-08F5-479B-A7A0-A0379262D1F8}.Release|x86.ActiveCfg = Release|Any CPU
		{6FDB2F77-08F5-479B-A7A0-A0379262D1F8}.Release|x86.Build.0 = Release|Any CPU
		{246E1318-6B8E-4F56-A4EA-632D5C6EA938}.Debug|Any CPU.ActiveCfg = Debug|Any CPU
		{246E1318-6B8E-4F56-A4EA-632D5C6EA938}.Debug|Any CPU.Build.0 = Debug|Any CPU
		{246E1318-6B8E-4F56-A4EA-632D5C6EA938}.Debug|x64.ActiveCfg = Debug|Any CPU
		{246E1318-6B8E-4F56-A4EA-632D5C6EA938}.Debug|x64.Build.0 = Debug|Any CPU
		{246E1318-6B8E-4F56-A4EA-632D5C6EA938}.Debug|x86.ActiveCfg = Debug|Any CPU
		{246E1318-6B8E-4F56-A4EA-632D5C6EA938}.Debug|x86.Build.0 = Debug|Any CPU
		{246E1318-6B8E-4F56-A4EA-632D5C6EA938}.Release|Any CPU.ActiveCfg = Release|Any CPU
		{246E1318-6B8E-4F56-A4EA-632D5C6EA938}.Release|Any CPU.Build.0 = Release|Any CPU
		{246E1318-6B8E-4F56-A4EA-632D5C6EA938}.Release|x64.ActiveCfg = Release|Any CPU
		{246E1318-6B8E-4F56-A4EA-632D5C6EA938}.Release|x64.Build.0 = Release|Any CPU
		{246E1318-6B8E-4F56-A4EA-632D5C6EA938}.Release|x86.ActiveCfg = Release|Any CPU
		{246E1318-6B8E-4F56-A4EA-632D5C6EA938}.Release|x86.Build.0 = Release|Any CPU
	EndGlobalSection
	GlobalSection(SolutionProperties) = preSolution
		HideSolutionNode = FALSE
	EndGlobalSection
	GlobalSection(NestedProjects) = preSolution
		{3CB0FD5E-21FA-455B-9F61-B270C08F9719} = {4F52FD11-658E-A102-6CD3-7D7C16FFA15B}
		{897F0CCD-C894-40F3-A2FA-1E764BB46DF4} = {50550AE8-2284-912A-C6A6-40AEDFAB45B2}
		{BA3B4F17-0B1D-46C9-8AE2-659C9426E056} = {50550AE8-2284-912A-C6A6-40AEDFAB45B2}
		{FCB6DE60-3B84-4B21-A7FB-4B468D1A9DD3} = {50550AE8-2284-912A-C6A6-40AEDFAB45B2}
		{E4BAA445-388C-44B6-96D9-97E4A52EBEC7} = {50550AE8-2284-912A-C6A6-40AEDFAB45B2}
		{D54C2A7E-E21F-4323-9216-915617B57FBE} = {694F8C3E-07FF-DEC9-06DA-07BB09F74BF4}
		{7545466A-3F43-4D70-A610-FFBF7AD3EEFE} = {694F8C3E-07FF-DEC9-06DA-07BB09F74BF4}
		{B4741234-0C7A-4FE9-96D4-455199036E8E} = {694F8C3E-07FF-DEC9-06DA-07BB09F74BF4}
		{6FDB2F77-08F5-479B-A7A0-A0379262D1F8} = {694F8C3E-07FF-DEC9-06DA-07BB09F74BF4}
		{246E1318-6B8E-4F56-A4EA-632D5C6EA938} = {0AB3BF05-4346-4AA6-1389-037BE0695223}
	EndGlobalSection
EndGlobal
